
Microsoft Visual Studio Solution File, Format Version 12.00
# Visual Studio Version 16
VisualStudioVersion = 16.0.30309.148
MinimumVisualStudioVersion = 10.0.40219.1
Project("{9A19103F-16F7-4668-BE54-9A1E7A4F7556}") = "PloomesInterview", "PloomesInterview\PloomesInterview.csproj", "{63F20430-8440-4729-AF03-9C6629B11923}"
EndProject
Global
	GlobalSection(SolutionConfigurationPlatforms) = preSolution
		Debug|Any CPU = Debug|Any CPU
		Release|Any CPU = Release|Any CPU
	EndGlobalSection
	GlobalSection(ProjectConfigurationPlatforms) = postSolution
		{63F20430-8440-4729-AF03-9C6629B11923}.Debug|Any CPU.ActiveCfg = Debug|Any CPU
		{63F20430-8440-4729-AF03-9C6629B11923}.Debug|Any CPU.Build.0 = Debug|Any CPU
		{63F20430-8440-4729-AF03-9C6629B11923}.Release|Any CPU.ActiveCfg = Release|Any CPU
		{63F20430-8440-4729-AF03-9C6629B11923}.Release|Any CPU.Build.0 = Release|Any CPU
	EndGlobalSection
	GlobalSection(SolutionProperties) = preSolution
		HideSolutionNode = FALSE
	EndGlobalSection
	GlobalSection(ExtensibilityGlobals) = postSolution
		SolutionGuid = {E1398A87-B7D3-4A67-9B7C-5371E75CA8A6}
	EndGlobalSection
EndGlobal
